
Microsoft Visual Studio Solution File, Format Version 12.00
# Visual Studio 14
VisualStudioVersion = 14.0.25420.1
MinimumVisualStudioVersion = 10.0.40219.1
Project("{FAE04EC0-301F-11D3-BF4B-00C04F79EFBC}") = "CodeMetric.Extension", "CodeMetric.Extension\CodeMetric.Extension.csproj", "{8B921826-7833-412D-87BE-C75243392124}"
EndProject
Project("{FAE04EC0-301F-11D3-BF4B-00C04F79EFBC}") = "CodeMetric.Core", "CodeMetric.Core\CodeMetric.Core.csproj", "{488C2FBB-5527-4631-9125-C07021596D74}"
EndProject
Project("{2150E333-8FDC-42A3-9474-1A3956D46DE8}") = "Reference", "Reference", "{0B341276-FF05-4A3D-B5A3-9232230D5224}"
EndProject
Project("{2150E333-8FDC-42A3-9474-1A3956D46DE8}") = "v14", "v14", "{FF38AB00-CE6B-4159-B910-135251D1B2BD}"
	ProjectSection(SolutionItems) = preProject
		References\v14\Microsoft.Alm.Shared.dll = References\v14\Microsoft.Alm.Shared.dll
		References\v14\Microsoft.TeamFoundation.CodeSense.Client.Common.dll = References\v14\Microsoft.TeamFoundation.CodeSense.Client.Common.dll
		References\v14\Microsoft.VisualStudio.Alm.Shared.CodeAnalysisClient.dll = References\v14\Microsoft.VisualStudio.Alm.Shared.CodeAnalysisClient.dll
		References\v14\Microsoft.VisualStudio.Alm.Shared.dll = References\v14\Microsoft.VisualStudio.Alm.Shared.dll
		References\v14\Microsoft.VisualStudio.CodeSense.Client.Common.dll = References\v14\Microsoft.VisualStudio.CodeSense.Client.Common.dll
		References\v14\Microsoft.VisualStudio.CodeSense.dll = References\v14\Microsoft.VisualStudio.CodeSense.dll
		References\v14\Microsoft.VisualStudio.CodeSense.Roslyn.dll = References\v14\Microsoft.VisualStudio.CodeSense.Roslyn.dll
		References\v14\Microsoft.VisualStudio.Text.Internal.dll = References\v14\Microsoft.VisualStudio.Text.Internal.dll
	EndProjectSection
EndProject
Global
	GlobalSection(SolutionConfigurationPlatforms) = preSolution
		Debug|Any CPU = Debug|Any CPU
		Release|Any CPU = Release|Any CPU
	EndGlobalSection
	GlobalSection(ProjectConfigurationPlatforms) = postSolution
		{8B921826-7833-412D-87BE-C75243392124}.Debug|Any CPU.ActiveCfg = Debug|Any CPU
		{8B921826-7833-412D-87BE-C75243392124}.Debug|Any CPU.Build.0 = Debug|Any CPU
		{8B921826-7833-412D-87BE-C75243392124}.Release|Any CPU.ActiveCfg = Release|Any CPU
		{8B921826-7833-412D-87BE-C75243392124}.Release|Any CPU.Build.0 = Release|Any CPU
		{488C2FBB-5527-4631-9125-C07021596D74}.Debug|Any CPU.ActiveCfg = Debug|Any CPU
		{488C2FBB-5527-4631-9125-C07021596D74}.Debug|Any CPU.Build.0 = Debug|Any CPU
		{488C2FBB-5527-4631-9125-C07021596D74}.Release|Any CPU.ActiveCfg = Release|Any CPU
		{488C2FBB-5527-4631-9125-C07021596D74}.Release|Any CPU.Build.0 = Release|Any CPU
	EndGlobalSection
	GlobalSection(SolutionProperties) = preSolution
		HideSolutionNode = FALSE
	EndGlobalSection
	GlobalSection(NestedProjects) = preSolution
		{FF38AB00-CE6B-4159-B910-135251D1B2BD} = {0B341276-FF05-4A3D-B5A3-9232230D5224}
	EndGlobalSection
EndGlobal
